
Microsoft Visual Studio Solution File, Format Version 12.00
# Visual Studio Version 16
VisualStudioVersion = 16.0.30002.166
MinimumVisualStudioVersion = 10.0.40219.1
Project("{FAE04EC0-301F-11D3-BF4B-00C04F79EFBC}") = "Lexer", "Lexer\Lexer.csproj", "{BD588B83-BD05-4153-8154-85661A7B2034}"
EndProject
Project("{FAE04EC0-301F-11D3-BF4B-00C04F79EFBC}") = "LexerTests", "LexerTests\LexerTests.csproj", "{48C5030E-6F5B-4339-907A-D80D90AC773D}"
EndProject
Project("{FAE04EC0-301F-11D3-BF4B-00C04F79EFBC}") = "LexerCUI", "LexerCUI\LexerCUI.csproj", "{FFC68E3B-693E-4BCE-908E-3BCFB5CD23F8}"
EndProject
Project("{FAE04EC0-301F-11D3-BF4B-00C04F79EFBC}") = "LexerGUI", "LexerGUI\LexerGUI.csproj", "{E5FA31C0-A5C4-4678-80A5-147A7191F59E}"
EndProject
Project("{FAE04EC0-301F-11D3-BF4B-00C04F79EFBC}") = "SyntaxAnalyzerGenerator", "SyntaxAnalyzerGenerator\SyntaxAnalyzerGenerator.csproj", "{095CD0CE-EF49-40DF-801A-CC92154F26BE}"
EndProject
Project("{FAE04EC0-301F-11D3-BF4B-00C04F79EFBC}") = "SyntaxAnalyzerTest", "SyntaxAnalyzerTest\SyntaxAnalyzerTest.csproj", "{268427F2-960F-4386-9EEF-183F1182D836}"
EndProject
Project("{FAE04EC0-301F-11D3-BF4B-00C04F79EFBC}") = "SyntaxAnalyzer", "SyntaxAnalyzer\SyntaxAnalyzer.csproj", "{9B4AA90B-DAD7-431A-AA2E-392F3776AC77}"
EndProject
Project("{FAE04EC0-301F-11D3-BF4B-00C04F79EFBC}") = "SyntaxAnalyzerGUI", "SyntaxAnalyzerGUI\SyntaxAnalyzerGUI.csproj", "{18BA6BA4-3476-44C2-988D-7EEE065A2766}"
EndProject
Global
	GlobalSection(SolutionConfigurationPlatforms) = preSolution
		Debug|Any CPU = Debug|Any CPU
		Debug|x86 = Debug|x86
		Release|Any CPU = Release|Any CPU
		Release|x86 = Release|x86
	EndGlobalSection
	GlobalSection(ProjectConfigurationPlatforms) = postSolution
		{BD588B83-BD05-4153-8154-85661A7B2034}.Debug|Any CPU.ActiveCfg = Debug|Any CPU
		{BD588B83-BD05-4153-8154-85661A7B2034}.Debug|Any CPU.Build.0 = Debug|Any CPU
		{BD588B83-BD05-4153-8154-85661A7B2034}.Debug|x86.ActiveCfg = Debug|Any CPU
		{BD588B83-BD05-4153-8154-85661A7B2034}.Debug|x86.Build.0 = Debug|Any CPU
		{BD588B83-BD05-4153-8154-85661A7B2034}.Release|Any CPU.ActiveCfg = Release|Any CPU
		{BD588B83-BD05-4153-8154-85661A7B2034}.Release|Any CPU.Build.0 = Release|Any CPU
		{BD588B83-BD05-4153-8154-85661A7B2034}.Release|x86.ActiveCfg = Release|Any CPU
		{BD588B83-BD05-4153-8154-85661A7B2034}.Release|x86.Build.0 = Release|Any CPU
		{48C5030E-6F5B-4339-907A-D80D90AC773D}.Debug|Any CPU.ActiveCfg = Debug|Any CPU
		{48C5030E-6F5B-4339-907A-D80D90AC773D}.Debug|Any CPU.Build.0 = Debug|Any CPU
		{48C5030E-6F5B-4339-907A-D80D90AC773D}.Debug|x86.ActiveCfg = Debug|Any CPU
		{48C5030E-6F5B-4339-907A-D80D90AC773D}.Debug|x86.Build.0 = Debug|Any CPU
		{48C5030E-6F5B-4339-907A-D80D90AC773D}.Release|Any CPU.ActiveCfg = Release|Any CPU
		{48C5030E-6F5B-4339-907A-D80D90AC773D}.Release|Any CPU.Build.0 = Release|Any CPU
		{48C5030E-6F5B-4339-907A-D80D90AC773D}.Release|x86.ActiveCfg = Release|Any CPU
		{48C5030E-6F5B-4339-907A-D80D90AC773D}.Release|x86.Build.0 = Release|Any CPU
		{FFC68E3B-693E-4BCE-908E-3BCFB5CD23F8}.Debug|Any CPU.ActiveCfg = Debug|Any CPU
		{FFC68E3B-693E-4BCE-908E-3BCFB5CD23F8}.Debug|Any CPU.Build.0 = Debug|Any CPU
		{FFC68E3B-693E-4BCE-908E-3BCFB5CD23F8}.Debug|x86.ActiveCfg = Debug|Any CPU
		{FFC68E3B-693E-4BCE-908E-3BCFB5CD23F8}.Debug|x86.Build.0 = Debug|Any CPU
		{FFC68E3B-693E-4BCE-908E-3BCFB5CD23F8}.Release|Any CPU.ActiveCfg = Release|Any CPU
		{FFC68E3B-693E-4BCE-908E-3BCFB5CD23F8}.Release|Any CPU.Build.0 = Release|Any CPU
		{FFC68E3B-693E-4BCE-908E-3BCFB5CD23F8}.Release|x86.ActiveCfg = Release|Any CPU
		{FFC68E3B-693E-4BCE-908E-3BCFB5CD23F8}.Release|x86.Build.0 = Release|Any CPU
		{E5FA31C0-A5C4-4678-80A5-147A7191F59E}.Debug|Any CPU.ActiveCfg = Debug|Any CPU
		{E5FA31C0-A5C4-4678-80A5-147A7191F59E}.Debug|Any CPU.Build.0 = Debug|Any CPU
		{E5FA31C0-A5C4-4678-80A5-147A7191F59E}.Debug|x86.ActiveCfg = Debug|Any CPU
		{E5FA31C0-A5C4-4678-80A5-147A7191F59E}.Debug|x86.Build.0 = Debug|Any CPU
		{E5FA31C0-A5C4-4678-80A5-147A7191F59E}.Release|Any CPU.ActiveCfg = Release|Any CPU
		{E5FA31C0-A5C4-4678-80A5-147A7191F59E}.Release|Any CPU.Build.0 = Release|Any CPU
		{E5FA31C0-A5C4-4678-80A5-147A7191F59E}.Release|x86.ActiveCfg = Release|Any CPU
		{E5FA31C0-A5C4-4678-80A5-147A7191F59E}.Release|x86.Build.0 = Release|Any CPU
		{095CD0CE-EF49-40DF-801A-CC92154F26BE}.Debug|Any CPU.ActiveCfg = Debug|Any CPU
		{095CD0CE-EF49-40DF-801A-CC92154F26BE}.Debug|Any CPU.Build.0 = Debug|Any CPU
		{095CD0CE-EF49-40DF-801A-CC92154F26BE}.Debug|x86.ActiveCfg = Debug|Any CPU
		{095CD0CE-EF49-40DF-801A-CC92154F26BE}.Debug|x86.Build.0 = Debug|Any CPU
		{095CD0CE-EF49-40DF-801A-CC92154F26BE}.Release|Any CPU.ActiveCfg = Release|Any CPU
		{095CD0CE-EF49-40DF-801A-CC92154F26BE}.Release|Any CPU.Build.0 = Release|Any CPU
		{095CD0CE-EF49-40DF-801A-CC92154F26BE}.Release|x86.ActiveCfg = Release|Any CPU
		{095CD0CE-EF49-40DF-801A-CC92154F26BE}.Release|x86.Build.0 = Release|Any CPU
		{268427F2-960F-4386-9EEF-183F1182D836}.Debug|Any CPU.ActiveCfg = Debug|Any CPU
		{268427F2-960F-4386-9EEF-183F1182D836}.Debug|Any CPU.Build.0 = Debug|Any CPU
		{268427F2-960F-4386-9EEF-183F1182D836}.Debug|x86.ActiveCfg = Debug|Any CPU
		{268427F2-960F-4386-9EEF-183F1182D836}.Debug|x86.Build.0 = Debug|Any CPU
		{268427F2-960F-4386-9EEF-183F1182D836}.Release|Any CPU.ActiveCfg = Release|Any CPU
		{268427F2-960F-4386-9EEF-183F1182D836}.Release|Any CPU.Build.0 = Release|Any CPU
		{268427F2-960F-4386-9EEF-183F1182D836}.Release|x86.ActiveCfg = Release|Any CPU
		{268427F2-960F-4386-9EEF-183F1182D836}.Release|x86.Build.0 = Release|Any CPU
		{9B4AA90B-DAD7-431A-AA2E-392F3776AC77}.Debug|Any CPU.ActiveCfg = Debug|Any CPU
		{9B4AA90B-DAD7-431A-AA2E-392F3776AC77}.Debug|Any CPU.Build.0 = Debug|Any CPU
		{9B4AA90B-DAD7-431A-AA2E-392F3776AC77}.Debug|x86.ActiveCfg = Debug|Any CPU
		{9B4AA90B-DAD7-431A-AA2E-392F3776AC77}.Debug|x86.Build.0 = Debug|Any CPU
		{9B4AA90B-DAD7-431A-AA2E-392F3776AC77}.Release|Any CPU.ActiveCfg = Release|Any CPU
		{9B4AA90B-DAD7-431A-AA2E-392F3776AC77}.Release|Any CPU.Build.0 = Release|Any CPU
		{9B4AA90B-DAD7-431A-AA2E-392F3776AC77}.Release|x86.ActiveCfg = Release|Any CPU
		{9B4AA90B-DAD7-431A-AA2E-392F3776AC77}.Release|x86.Build.0 = Release|Any CPU
		{18BA6BA4-3476-44C2-988D-7EEE065A2766}.Debug|Any CPU.ActiveCfg = Debug|x86
		{18BA6BA4-3476-44C2-988D-7EEE065A2766}.Debug|Any CPU.Build.0 = Debug|x86
		{18BA6BA4-3476-44C2-988D-7EEE065A2766}.Debug|x86.ActiveCfg = Debug|x86
		{18BA6BA4-3476-44C2-988D-7EEE065A2766}.Debug|x86.Build.0 = Debug|x86
		{18BA6BA4-3476-44C2-988D-7EEE065A2766}.Release|Any CPU.ActiveCfg = Release|x86
		{18BA6BA4-3476-44C2-988D-7EEE065A2766}.Release|x86.ActiveCfg = Release|x86
		{18BA6BA4-3476-44C2-988D-7EEE065A2766}.Release|x86.Build.0 = Release|x86
	EndGlobalSection
	GlobalSection(SolutionProperties) = preSolution
		HideSolutionNode = FALSE
	EndGlobalSection
	GlobalSection(ExtensibilityGlobals) = postSolution
		SolutionGuid = {67A5EF4C-223F-4034-A63C-145C96799A1D}
	EndGlobalSection
EndGlobal
